
Microsoft Visual Studio Solution File, Format Version 12.00
# Visual Studio 14
VisualStudioVersion = 14.0.25420.1
MinimumVisualStudioVersion = 10.0.40219.1
Project("{FAE04EC0-301F-11D3-BF4B-00C04F79EFBC}") = "ModbusAsciiSlave", "ModbusAsciiSlave\ModbusAsciiSlave.csproj", "{7E831B83-56C2-4519-9BED-3C4F8073F579}"
EndProject
Project("{FAE04EC0-301F-11D3-BF4B-00C04F79EFBC}") = "ModbusAsciiMaster", "ModbusAsciiMaster\ModbusAsciiMaster.csproj", "{1E4D036C-3E38-46B4-BADA-157EB099CA9C}"
EndProject
Global
	GlobalSection(SolutionConfigurationPlatforms) = preSolution
		Debug|Any CPU = Debug|Any CPU
		Release|Any CPU = Release|Any CPU
	EndGlobalSection
	GlobalSection(ProjectConfigurationPlatforms) = postSolution
		{7E831B83-56C2-4519-9BED-3C4F8073F579}.Debug|Any CPU.ActiveCfg = Debug|Any CPU
		{7E831B83-56C2-4519-9BED-3C4F8073F579}.Debug|Any CPU.Build.0 = Debug|Any CPU
		{7E831B83-56C2-4519-9BED-3C4F8073F579}.Release|Any CPU.ActiveCfg = Release|Any CPU
		{7E831B83-56C2-4519-9BED-3C4F8073F579}.Release|Any CPU.Build.0 = Release|Any CPU
		{1E4D036C-3E38-46B4-BADA-157EB099CA9C}.Debug|Any CPU.ActiveCfg = Debug|Any CPU
		{1E4D036C-3E38-46B4-BADA-157EB099CA9C}.Debug|Any CPU.Build.0 = Debug|Any CPU
		{1E4D036C-3E38-46B4-BADA-157EB099CA9C}.Release|Any CPU.ActiveCfg = Release|Any CPU
		{1E4D036C-3E38-46B4-BADA-157EB099CA9C}.Release|Any CPU.Build.0 = Release|Any CPU
	EndGlobalSection
	GlobalSection(SolutionProperties) = preSolution
		HideSolutionNode = FALSE
	EndGlobalSection
EndGlobal
